
Microsoft Visual Studio Solution File, Format Version 12.00
# Visual Studio Version 17
VisualStudioVersion = 17.6.33927.249
MinimumVisualStudioVersion = 10.0.40219.1
Project("{2150E333-8FDC-42A3-9474-1A3956D46DE8}") = "ChainOfResponsibility", "ChainOfResponsibility", "{C4661DA7-F5B5-4F7B-AD39-4EB779646DB8}"
EndProject
Project("{FAE04EC0-301F-11D3-BF4B-00C04F79EFBC}") = "ChainOfResponsibility", "ChainOfResponsibility\ChainOfResponsibility.csproj", "{B9636E32-2CAB-4D96-88B1-D8FDD064E672}"
EndProject
Project("{2150E333-8FDC-42A3-9474-1A3956D46DE8}") = "Strategy", "Strategy", "{ED3280F4-7E0F-4F8D-BE5C-597B95FA5038}"
EndProject
Project("{FAE04EC0-301F-11D3-BF4B-00C04F79EFBC}") = "Strategy", "Strategy\Strategy.csproj", "{B94F76B4-EBF6-44F9-874B-EA0C0A7279DC}"
EndProject
Global
	GlobalSection(SolutionConfigurationPlatforms) = preSolution
		Debug|Any CPU = Debug|Any CPU
		Release|Any CPU = Release|Any CPU
	EndGlobalSection
	GlobalSection(ProjectConfigurationPlatforms) = postSolution
		{B9636E32-2CAB-4D96-88B1-D8FDD064E672}.Debug|Any CPU.ActiveCfg = Debug|Any CPU
		{B9636E32-2CAB-4D96-88B1-D8FDD064E672}.Debug|Any CPU.Build.0 = Debug|Any CPU
		{B9636E32-2CAB-4D96-88B1-D8FDD064E672}.Release|Any CPU.ActiveCfg = Release|Any CPU
		{B9636E32-2CAB-4D96-88B1-D8FDD064E672}.Release|Any CPU.Build.0 = Release|Any CPU
		{B94F76B4-EBF6-44F9-874B-EA0C0A7279DC}.Debug|Any CPU.ActiveCfg = Debug|Any CPU
		{B94F76B4-EBF6-44F9-874B-EA0C0A7279DC}.Debug|Any CPU.Build.0 = Debug|Any CPU
		{B94F76B4-EBF6-44F9-874B-EA0C0A7279DC}.Release|Any CPU.ActiveCfg = Release|Any CPU
		{B94F76B4-EBF6-44F9-874B-EA0C0A7279DC}.Release|Any CPU.Build.0 = Release|Any CPU
	EndGlobalSection
	GlobalSection(SolutionProperties) = preSolution
		HideSolutionNode = FALSE
	EndGlobalSection
	GlobalSection(NestedProjects) = preSolution
		{B9636E32-2CAB-4D96-88B1-D8FDD064E672} = {C4661DA7-F5B5-4F7B-AD39-4EB779646DB8}
		{B94F76B4-EBF6-44F9-874B-EA0C0A7279DC} = {ED3280F4-7E0F-4F8D-BE5C-597B95FA5038}
	EndGlobalSection
	GlobalSection(ExtensibilityGlobals) = postSolution
		SolutionGuid = {03B67216-498A-4D42-B1BA-E7698354AF61}
	EndGlobalSection
EndGlobal
